lockfileVersion: '9.0'

settings:
  autoInstallPeers: true
  excludeLinksFromLockfile: false

overrides:
  serialize-javascript: 7.0.4

importers:

  .:
    dependencies:
      vue:
        specifier: ^3.4.0
        version: 3.5.29(typescript@5.9.3)
    devDependencies:
      '@ramstack/pagelock':
        specifier: ^1.1.0
        version: 1.1.0
      '@rollup/plugin-node-resolve':
        specifier: ^16.0.3
        version: 16.0.3(rollup@4.59.0)
      '@rollup/plugin-terser':
        specifier: ^0.4.4
        version: 0.4.4(rollup@4.59.0)
      '@rollup/plugin-typescript':
        specifier: ^12.3.0
        version: 12.3.0(rollup@4.59.0)(tslib@2.8.1)(typescript@5.9.3)
      glob:
        specifier: ^13.0.6
        version: 13.0.6
      rimraf:
        specifier: ^6.1.3
        version: 6.1.3
      rollup:
        specifier: ^4.59.0
        version: 4.59.0
      terser:
        specifier: ^5.46.0
        version: 5.46.0
      tslib:
        specifier: ^2.8.1
        version: 2.8.1

packages:

  '@babel/helper-string-parser@7.27.1':
    resolution: {integrity: sha512-qMlSxKbpRlAridDExk92nSobyDdpPijUq2DW6oDnUqd0iOGxmQjyqhMIihI9+zv4LPyZdRje2cavWPbCbWm3eA==}
    engines: {node: '>=6.9.0'}

  '@babel/helper-validator-identifier@7.28.5':
    resolution: {integrity: sha512-qSs4ifwzKJSV39ucNjsvc6WVHs6b7S03sOh2OcHF9UHfVPqWWALUsNUVzhSBiItjRZoLHx7nIarVjqKVusUZ1Q==}
    engines: {node: '>=6.9.0'}

  '@babel/parser@7.29.0':
    resolution: {integrity: sha512-IyDgFV5GeDUVX4YdF/3CPULtVGSXXMLh1xVIgdCgxApktqnQV0r7/8Nqthg+8YLGaAtdyIlo2qIdZrbCv4+7ww==}
    engines: {node: '>=6.0.0'}
    hasBin: true

  '@babel/types@7.29.0':
    resolution: {integrity: sha512-LwdZHpScM4Qz8Xw2iKSzS+cfglZzJGvofQICy7W7v4caru4EaAmyUuO6BGrbyQ2mYV11W0U8j5mBhd14dd3B0A==}
    engines: {node: '>=6.9.0'}

  '@jridgewell/gen-mapping@0.3.13':
    resolution: {integrity: sha512-2kkt/7niJ6MgEPxF0bYdQ6etZaA+fQvDcLKckhy1yIQOzaoKjBBjSj63/aLVjYE3qhRt5dvM+uUyfCg6UKCBbA==}

  '@jridgewell/resolve-uri@3.1.2':
    resolution: {integrity: sha512-bRISgCIjP20/tbWSPWMEi54QVPRZExkuD9lJL+UIxUKtwVJA8wW1Trb1jMs1RFXo1CBTNZ/5hpC9QvmKWdopKw==}
    engines: {node: '>=6.0.0'}

  '@jridgewell/source-map@0.3.11':
    resolution: {integrity: sha512-ZMp1V8ZFcPG5dIWnQLr3NSI1MiCU7UETdS/A0G8V/XWHvJv3ZsFqutJn1Y5RPmAPX6F3BiE397OqveU/9NCuIA==}

  '@jridgewell/sourcemap-codec@1.5.5':
    resolution: {integrity: sha512-cYQ9310grqxueWbl+WuIUIaiUaDcj7WOq5fVhEljNVgRfOUhY9fy2zTvfoqWsnebh8Sl70VScFbICvJnLKB0Og==}

  '@jridgewell/trace-mapping@0.3.31':
    resolution: {integrity: sha512-zzNR+SdQSDJzc8joaeP8QQoCQr8NuYx2dIIytl1QeBEZHJ9uW6hebsrYgbz8hJwUQao3TWCMtmfV8Nu1twOLAw==}

  '@ramstack/pagelock@1.1.0':
    resolution: {integrity: sha512-zNycQDCD5slEA6rf+xR6cmS2khRBOQcwmrP5UQxmn5jsc+ZOFN6RgQdWGry8ipCqfTI87r5tpr6bte5rTb0sKA==}

  '@rollup/plugin-node-resolve@16.0.3':
    resolution: {integrity: sha512-lUYM3UBGuM93CnMPG1YocWu7X802BrNF3jW2zny5gQyLQgRFJhV1Sq0Zi74+dh/6NBx1DxFC4b4GXg9wUCG5Qg==}
    engines: {node: '>=14.0.0'}
    peerDependencies:
      rollup: ^2.78.0||^3.0.0||^4.0.0
    peerDependenciesMeta:
      rollup:
        optional: true

  '@rollup/plugin-terser@0.4.4':
    resolution: {integrity: sha512-XHeJC5Bgvs8LfukDwWZp7yeqin6ns8RTl2B9avbejt6tZqsqvVoWI7ZTQrcNsfKEDWBTnTxM8nMDkO2IFFbd0A==}
    engines: {node: '>=14.0.0'}
    peerDependencies:
      rollup: ^2.0.0||^3.0.0||^4.0.0
    peerDependenciesMeta:
      rollup:
        optional: true

  '@rollup/plugin-typescript@12.3.0':
    resolution: {integrity: sha512-7DP0/p7y3t67+NabT9f8oTBFE6gGkto4SA6Np2oudYmZE/m1dt8RB0SjL1msMxFpLo631qjRCcBlAbq1ml/Big==}
    engines: {node: '>=14.0.0'}
    peerDependencies:
      rollup: ^2.14.0||^3.0.0||^4.0.0
      tslib: '*'
      typescript: '>=3.7.0'
    peerDependenciesMeta:
      rollup:
        optional: true
      tslib:
        optional: true

  '@rollup/pluginutils@5.3.0':
    resolution: {integrity: sha512-5EdhGZtnu3V88ces7s53hhfK5KSASnJZv8Lulpc04cWO3REESroJXg73DFsOmgbU2BhwV0E20bu2IDZb3VKW4Q==}
    engines: {node: '>=14.0.0'}
    peerDependencies:
      rollup: ^1.20.0||^2.0.0||^3.0.0||^4.0.0
    peerDependenciesMeta:
      rollup:
        optional: true

  '@rollup/rollup-android-arm-eabi@4.59.0':
    resolution: {integrity: sha512-upnNBkA6ZH2VKGcBj9Fyl9IGNPULcjXRlg0LLeaioQWueH30p6IXtJEbKAgvyv+mJaMxSm1l6xwDXYjpEMiLMg==}
    cpu: [arm]
    os: [android]

  '@rollup/rollup-android-arm64@4.59.0':
    resolution: {integrity: sha512-hZ+Zxj3SySm4A/DylsDKZAeVg0mvi++0PYVceVyX7hemkw7OreKdCvW2oQ3T1FMZvCaQXqOTHb8qmBShoqk69Q==}
    cpu: [arm64]
    os: [android]

  '@rollup/rollup-darwin-arm64@4.59.0':
    resolution: {integrity: sha512-W2Psnbh1J8ZJw0xKAd8zdNgF9HRLkdWwwdWqubSVk0pUuQkoHnv7rx4GiF9rT4t5DIZGAsConRE3AxCdJ4m8rg==}
    cpu: [arm64]
    os: [darwin]

  '@rollup/rollup-darwin-x64@4.59.0':
    resolution: {integrity: sha512-ZW2KkwlS4lwTv7ZVsYDiARfFCnSGhzYPdiOU4IM2fDbL+QGlyAbjgSFuqNRbSthybLbIJ915UtZBtmuLrQAT/w==}
    cpu: [x64]
    os: [darwin]

  '@rollup/rollup-freebsd-arm64@4.59.0':
    resolution: {integrity: sha512-EsKaJ5ytAu9jI3lonzn3BgG8iRBjV4LxZexygcQbpiU0wU0ATxhNVEpXKfUa0pS05gTcSDMKpn3Sx+QB9RlTTA==}
    cpu: [arm64]
    os: [freebsd]

  '@rollup/rollup-freebsd-x64@4.59.0':
    resolution: {integrity: sha512-d3DuZi2KzTMjImrxoHIAODUZYoUUMsuUiY4SRRcJy6NJoZ6iIqWnJu9IScV9jXysyGMVuW+KNzZvBLOcpdl3Vg==}
    cpu: [x64]
    os: [freebsd]

  '@rollup/rollup-linux-arm-gnueabihf@4.59.0':
    resolution: {integrity: sha512-t4ONHboXi/3E0rT6OZl1pKbl2Vgxf9vJfWgmUoCEVQVxhW6Cw/c8I6hbbu7DAvgp82RKiH7TpLwxnJeKv2pbsw==}
    cpu: [arm]
    os: [linux]
    libc: [glibc]

  '@rollup/rollup-linux-arm-musleabihf@4.59.0':
    resolution: {integrity: sha512-CikFT7aYPA2ufMD086cVORBYGHffBo4K8MQ4uPS/ZnY54GKj36i196u8U+aDVT2LX4eSMbyHtyOh7D7Zvk2VvA==}
    cpu: [arm]
    os: [linux]
    libc: [musl]

  '@rollup/rollup-linux-arm64-gnu@4.59.0':
    resolution: {integrity: sha512-jYgUGk5aLd1nUb1CtQ8E+t5JhLc9x5WdBKew9ZgAXg7DBk0ZHErLHdXM24rfX+bKrFe+Xp5YuJo54I5HFjGDAA==}
    cpu: [arm64]
    os: [linux]
    libc: [glibc]

  '@rollup/rollup-linux-arm64-musl@4.59.0':
    resolution: {integrity: sha512-peZRVEdnFWZ5Bh2KeumKG9ty7aCXzzEsHShOZEFiCQlDEepP1dpUl/SrUNXNg13UmZl+gzVDPsiCwnV1uI0RUA==}
    cpu: [arm64]
    os: [linux]
    libc: [musl]

  '@rollup/rollup-linux-loong64-gnu@4.59.0':
    resolution: {integrity: sha512-gbUSW/97f7+r4gHy3Jlup8zDG190AuodsWnNiXErp9mT90iCy9NKKU0Xwx5k8VlRAIV2uU9CsMnEFg/xXaOfXg==}
    cpu: [loong64]
    os: [linux]
    libc: [glibc]

  '@rollup/rollup-linux-loong64-musl@4.59.0':
    resolution: {integrity: sha512-yTRONe79E+o0FWFijasoTjtzG9EBedFXJMl888NBEDCDV9I2wGbFFfJQQe63OijbFCUZqxpHz1GzpbtSFikJ4Q==}
    cpu: [loong64]
    os: [linux]
    libc: [musl]

  '@rollup/rollup-linux-ppc64-gnu@4.59.0':
    resolution: {integrity: sha512-sw1o3tfyk12k3OEpRddF68a1unZ5VCN7zoTNtSn2KndUE+ea3m3ROOKRCZxEpmT9nsGnogpFP9x6mnLTCaoLkA==}
    cpu: [ppc64]
    os: [linux]
    libc: [glibc]

  '@rollup/rollup-linux-ppc64-musl@4.59.0':
    resolution: {integrity: sha512-+2kLtQ4xT3AiIxkzFVFXfsmlZiG5FXYW7ZyIIvGA7Bdeuh9Z0aN4hVyXS/G1E9bTP/vqszNIN/pUKCk/BTHsKA==}
    cpu: [ppc64]
    os: [linux]
    libc: [musl]

  '@rollup/rollup-linux-riscv64-gnu@4.59.0':
    resolution: {integrity: sha512-NDYMpsXYJJaj+I7UdwIuHHNxXZ/b/N2hR15NyH3m2qAtb/hHPA4g4SuuvrdxetTdndfj9b1WOmy73kcPRoERUg==}
    cpu: [riscv64]
    os: [linux]
    libc: [glibc]

  '@rollup/rollup-linux-riscv64-musl@4.59.0':
    resolution: {integrity: sha512-nLckB8WOqHIf1bhymk+oHxvM9D3tyPndZH8i8+35p/1YiVoVswPid2yLzgX7ZJP0KQvnkhM4H6QZ5m0LzbyIAg==}
    cpu: [riscv64]
    os: [linux]
    libc: [musl]

  '@rollup/rollup-linux-s390x-gnu@4.59.0':
    resolution: {integrity: sha512-oF87Ie3uAIvORFBpwnCvUzdeYUqi2wY6jRFWJAy1qus/udHFYIkplYRW+wo+GRUP4sKzYdmE1Y3+rY5Gc4ZO+w==}
    cpu: [s390x]
    os: [linux]
    libc: [glibc]

  '@rollup/rollup-linux-x64-gnu@4.59.0':
    resolution: {integrity: sha512-3AHmtQq/ppNuUspKAlvA8HtLybkDflkMuLK4DPo77DfthRb71V84/c4MlWJXixZz4uruIH4uaa07IqoAkG64fg==}
    cpu: [x64]
    os: [linux]
    libc: [glibc]

  '@rollup/rollup-linux-x64-musl@4.59.0':
    resolution: {integrity: sha512-2UdiwS/9cTAx7qIUZB/fWtToJwvt0Vbo0zmnYt7ED35KPg13Q0ym1g442THLC7VyI6JfYTP4PiSOWyoMdV2/xg==}
    cpu: [x64]
    os: [linux]
    libc: [musl]

  '@rollup/rollup-openbsd-x64@4.59.0':
    resolution: {integrity: sha512-M3bLRAVk6GOwFlPTIxVBSYKUaqfLrn8l0psKinkCFxl4lQvOSz8ZrKDz2gxcBwHFpci0B6rttydI4IpS4IS/jQ==}
    cpu: [x64]
    os: [openbsd]

  '@rollup/rollup-openharmony-arm64@4.59.0':
    resolution: {integrity: sha512-tt9KBJqaqp5i5HUZzoafHZX8b5Q2Fe7UjYERADll83O4fGqJ49O1FsL6LpdzVFQcpwvnyd0i+K/VSwu/o/nWlA==}
    cpu: [arm64]
    os: [openharmony]

  '@rollup/rollup-win32-arm64-msvc@4.59.0':
    resolution: {integrity: sha512-V5B6mG7OrGTwnxaNUzZTDTjDS7F75PO1ae6MJYdiMu60sq0CqN5CVeVsbhPxalupvTX8gXVSU9gq+Rx1/hvu6A==}
    cpu: [arm64]
    os: [win32]

  '@rollup/rollup-win32-ia32-msvc@4.59.0':
    resolution: {integrity: sha512-UKFMHPuM9R0iBegwzKF4y0C4J9u8C6MEJgFuXTBerMk7EJ92GFVFYBfOZaSGLu6COf7FxpQNqhNS4c4icUPqxA==}
    cpu: [ia32]
    os: [win32]

  '@rollup/rollup-win32-x64-gnu@4.59.0':
    resolution: {integrity: sha512-laBkYlSS1n2L8fSo1thDNGrCTQMmxjYY5G0WFWjFFYZkKPjsMBsgJfGf4TLxXrF6RyhI60L8TMOjBMvXiTcxeA==}
    cpu: [x64]
    os: [win32]

  '@rollup/rollup-win32-x64-msvc@4.59.0':
    resolution: {integrity: sha512-2HRCml6OztYXyJXAvdDXPKcawukWY2GpR5/nxKp4iBgiO3wcoEGkAaqctIbZcNB6KlUQBIqt8VYkNSj2397EfA==}
    cpu: [x64]
    os: [win32]

  '@types/estree@1.0.8':
    resolution: {integrity: sha512-dWHzHa2WqEXI/O1E9OjrocMTKJl2mSrEolh1Iomrv6U+JuNwaHXsXx9bLu5gG7BUWFIN0skIQJQ/L1rIex4X6w==}

  '@types/resolve@1.20.2':
    resolution: {integrity: sha512-60BCwRFOZCQhDncwQdxxeOEEkbc5dIMccYLwbxsS4TUNeVECQ/pBJ0j09mrHOl/JJvpRPGwO9SvE4nR2Nb/a4Q==}

  '@vue/compiler-core@3.5.29':
    resolution: {integrity: sha512-cuzPhD8fwRHk8IGfmYaR4eEe4cAyJEL66Ove/WZL7yWNL134nqLddSLwNRIsFlnnW1kK+p8Ck3viFnC0chXCXw==}

  '@vue/compiler-dom@3.5.29':
    resolution: {integrity: sha512-n0G5o7R3uBVmVxjTIYcz7ovr8sy7QObFG8OQJ3xGCDNhbG60biP/P5KnyY8NLd81OuT1WJflG7N4KWYHaeeaIg==}

  '@vue/compiler-sfc@3.5.29':
    resolution: {integrity: sha512-oJZhN5XJs35Gzr50E82jg2cYdZQ78wEwvRO6Y63TvLVTc+6xICzJHP1UIecdSPPYIbkautNBanDiWYa64QSFIA==}

  '@vue/compiler-ssr@3.5.29':
    resolution: {integrity: sha512-Y/ARJZE6fpjzL5GH/phJmsFwx3g6t2KmHKHx5q+MLl2kencADKIrhH5MLF6HHpRMmlRAYBRSvv347Mepf1zVNw==}

  '@vue/reactivity@3.5.29':
    resolution: {integrity: sha512-zcrANcrRdcLtmGZETBxWqIkoQei8HaFpZWx/GHKxx79JZsiZ8j1du0VUJtu4eJjgFvU/iKL5lRXFXksVmI+5DA==}

  '@vue/runtime-core@3.5.29':
    resolution: {integrity: sha512-8DpW2QfdwIWOLqtsNcds4s+QgwSaHSJY/SUe04LptianUQ/0xi6KVsu/pYVh+HO3NTVvVJjIPL2t6GdeKbS4Lg==}

  '@vue/runtime-dom@3.5.29':
    resolution: {integrity: sha512-AHvvJEtcY9tw/uk+s/YRLSlxxQnqnAkjqvK25ZiM4CllCZWzElRAoQnCM42m9AHRLNJ6oe2kC5DCgD4AUdlvXg==}

  '@vue/server-renderer@3.5.29':
    resolution: {integrity: sha512-G/1k6WK5MusLlbxSE2YTcqAAezS+VuwHhOvLx2KnQU7G2zCH6KIb+5Wyt6UjMq7a3qPzNEjJXs1hvAxDclQH+g==}
    peerDependencies:
      vue: 3.5.29

  '@vue/shared@3.5.29':
    resolution: {integrity: sha512-w7SR0A5zyRByL9XUkCfdLs7t9XOHUyJ67qPGQjOou3p6GvBeBW+AVjUUmlxtZ4PIYaRvE+1LmK44O4uajlZwcg==}

  acorn@8.16.0:
    resolution: {integrity: sha512-UVJyE9MttOsBQIDKw1skb9nAwQuR5wuGD3+82K6JgJlm/Y+KI92oNsMNGZCYdDsVtRHSak0pcV5Dno5+4jh9sw==}
    engines: {node: '>=0.4.0'}
    hasBin: true

  balanced-match@4.0.4:
    resolution: {integrity: sha512-BLrgEcRTwX2o6gGxGOCNyMvGSp35YofuYzw9h1IMTRmKqttAZZVU67bdb9Pr2vUHA8+j3i2tJfjO6C6+4myGTA==}
    engines: {node: 18 || 20 || >=22}

  brace-expansion@5.0.4:
    resolution: {integrity: sha512-h+DEnpVvxmfVefa4jFbCf5HdH5YMDXRsmKflpf1pILZWRFlTbJpxeU55nJl4Smt5HQaGzg1o6RHFPJaOqnmBDg==}
    engines: {node: 18 || 20 || >=22}

  buffer-from@1.1.2:
    resolution: {integrity: sha512-E+XQCRwSbaaiChtv6k6Dwgc+bx+Bs6vuKJHHl5kox/BaKbhiXzqQOwK4cO22yElGp2OCmjwVhT3HmxgyPGnJfQ==}

  commander@2.20.3:
    resolution: {integrity: sha512-GpVkmM8vF2vQUkj2LvZmD35JxeJOLCwJ9cUkugyk2nuhbv3+mJvpLYYt+0+USMxE+oj+ey/lJEnhZw75x/OMcQ==}

  csstype@3.2.3:
    resolution: {integrity: sha512-z1HGKcYy2xA8AGQfwrn0PAy+PB7X/GSj3UVJW9qKyn43xWa+gl5nXmU4qqLMRzWVLFC8KusUX8T/0kCiOYpAIQ==}

  deepmerge@4.3.1:
    resolution: {integrity: sha512-3sUqbMEc77XqpdNO7FRyRog+eW3ph+GYCbj+rK+uYyRMuwsVy0rMiVtPn+QJlKFvWP/1PYpapqYn0Me2knFn+A==}
    engines: {node: '>=0.10.0'}

  entities@7.0.1:
    resolution: {integrity: sha512-TWrgLOFUQTH994YUyl1yT4uyavY5nNB5muff+RtWaqNVCAK408b5ZnnbNAUEWLTCpum9w6arT70i1XdQ4UeOPA==}
    engines: {node: '>=0.12'}

  estree-walker@2.0.2:
    resolution: {integrity: sha512-Rfkk/Mp/DL7JVje3u18FxFujQlTNR2q6QfMSMB7AvCBx91NGj/ba3kCfza0f6dVDbw7YlRf/nDrn7pQrCCyQ/w==}

  fsevents@2.3.3:
    resolution: {integrity: sha512-5xoDfX+fL7faATnagmWPpbFtwh/R77WmMMqqHGS65C3vvB0YHrgF+B1YmZ3441tMj5n63k0212XNoJwzlhffQw==}
    engines: {node: ^8.16.0 || ^10.6.0 || >=11.0.0}
    os: [darwin]

  function-bind@1.1.2:
    resolution: {integrity: sha512-7XHNxH7qX9xG5mIwxkhumTox/MIRNcOgDrxWsMt2pAr23WHp6MrRlN7FBSFpCpr+oVO0F744iUgR82nJMfG2SA==}

  glob@13.0.6:
    resolution: {integrity: sha512-Wjlyrolmm8uDpm/ogGyXZXb1Z+Ca2B8NbJwqBVg0axK9GbBeoS7yGV6vjXnYdGm6X53iehEuxxbyiKp8QmN4Vw==}
    engines: {node: 18 || 20 || >=22}

  hasown@2.0.2:
    resolution: {integrity: sha512-0hJU9SCPvmMzIBdZFqNPXWa6dqh7WdH0cII9y+CyS8rG3nL48Bclra9HmKhVVUHyPWNH5Y7xDwAB7bfgSjkUMQ==}
    engines: {node: '>= 0.4'}

  is-core-module@2.16.1:
    resolution: {integrity: sha512-UfoeMA6fIJ8wTYFEUjelnaGI67v6+N7qXJEvQuIGa99l4xsCruSYOVSQ0uPANn4dAzm8lkYPaKLrrijLq7x23w==}
    engines: {node: '>= 0.4'}

  is-module@1.0.0:
    resolution: {integrity: sha512-51ypPSPCoTEIN9dy5Oy+h4pShgJmPCygKfyRCISBI+JoWT/2oJvK8QPxmwv7b/p239jXrm9M1mlQbyKJ5A152g==}

  lru-cache@11.2.6:
    resolution: {integrity: sha512-ESL2CrkS/2wTPfuend7Zhkzo2u0daGJ/A2VucJOgQ/C48S/zB8MMeMHSGKYpXhIjbPxfuezITkaBH1wqv00DDQ==}
    engines: {node: 20 || >=22}

  magic-string@0.30.21:
    resolution: {integrity: sha512-vd2F4YUyEXKGcLHoq+TEyCjxueSeHnFxyyjNp80yg0XV4vUhnDer/lvvlqM/arB5bXQN5K2/3oinyCRyx8T2CQ==}

  minimatch@10.2.4:
    resolution: {integrity: sha512-oRjTw/97aTBN0RHbYCdtF1MQfvusSIBQM0IZEgzl6426+8jSC0nF1a/GmnVLpfB9yyr6g6FTqWqiZVbxrtaCIg==}
    engines: {node: 18 || 20 || >=22}

  minipass@7.1.3:
    resolution: {integrity: sha512-tEBHqDnIoM/1rXME1zgka9g6Q2lcoCkxHLuc7ODJ5BxbP5d4c2Z5cGgtXAku59200Cx7diuHTOYfSBD8n6mm8A==}
    engines: {node: '>=16 || 14 >=14.17'}

  nanoid@3.3.11:
    resolution: {integrity: sha512-N8SpfPUnUp1bK+PMYW8qSWdl9U+wwNWI4QKxOYDy9JAro3WMX7p2OeVRF9v+347pnakNevPmiHhNmZ2HbFA76w==}
    engines: {node: ^10 || ^12 || ^13.7 || ^14 || >=15.0.1}
    hasBin: true

  package-json-from-dist@1.0.1:
    resolution: {integrity: sha512-UEZIS3/by4OC8vL3P2dTXRETpebLI2NiI5vIrjaD/5UtrkFX/tNbwjTSRAGC/+7CAo2pIcBaRgWmcBBHcsaCIw==}

  path-parse@1.0.7:
    resolution: {integrity: sha512-LDJzPVEEEPR+y48z93A0Ed0yXb8pAByGWo/k5YYdYgpY2/2EsOsksJrq7lOHxryrVOn1ejG6oAp8ahvOIQD8sw==}

  path-scurry@2.0.2:
    resolution: {integrity: sha512-3O/iVVsJAPsOnpwWIeD+d6z/7PmqApyQePUtCndjatj/9I5LylHvt5qluFaBT3I5h3r1ejfR056c+FCv+NnNXg==}
    engines: {node: 18 || 20 || >=22}

  picocolors@1.1.1:
    resolution: {integrity: sha512-xceH2snhtb5M9liqDsmEw56le376mTZkEX/jEb/RxNFyegNul7eNslCXP9FDj/Lcu0X8KEyMceP2ntpaHrDEVA==}

  picomatch@4.0.3:
    resolution: {integrity: sha512-5gTmgEY/sqK6gFXLIsQNH19lWb4ebPDLA4SdLP7dsWkIXHWlG66oPuVvXSGFPppYZz8ZDZq0dYYrbHfBCVUb1Q==}
    engines: {node: '>=12'}

  postcss@8.5.8:
    resolution: {integrity: sha512-OW/rX8O/jXnm82Ey1k44pObPtdblfiuWnrd8X7GJ7emImCOstunGbXUpp7HdBrFQX6rJzn3sPT397Wp5aCwCHg==}
    engines: {node: ^10 || ^12 || >=14}

  resolve@1.22.11:
    resolution: {integrity: sha512-RfqAvLnMl313r7c9oclB1HhUEAezcpLjz95wFH4LVuhk9JF/r22qmVP9AMmOU4vMX7Q8pN8jwNg/CSpdFnMjTQ==}
    engines: {node: '>= 0.4'}
    hasBin: true

  rimraf@6.1.3:
    resolution: {integrity: sha512-LKg+Cr2ZF61fkcaK1UdkH2yEBBKnYjTyWzTJT6KNPcSPaiT7HSdhtMXQuN5wkTX0Xu72KQ1l8S42rlmexS2hSA==}
    engines: {node: 20 || >=22}
    hasBin: true

  rollup@4.59.0:
    resolution: {integrity: sha512-2oMpl67a3zCH9H79LeMcbDhXW/UmWG/y2zuqnF2jQq5uq9TbM9TVyXvA4+t+ne2IIkBdrLpAaRQAvo7YI/Yyeg==}
    engines: {node: '>=18.0.0', npm: '>=8.0.0'}
    hasBin: true

  serialize-javascript@7.0.4:
    resolution: {integrity: sha512-DuGdB+Po43Q5Jxwpzt1lhyFSYKryqoNjQSA9M92tyw0lyHIOur+XCalOUe0KTJpyqzT8+fQ5A0Jf7vCx/NKmIg==}
    engines: {node: '>=20.0.0'}

  smob@1.6.1:
    resolution: {integrity: sha512-KAkBqZl3c2GvNgNhcoyJae1aKldDW0LO279wF9bk1PnluRTETKBq0WyzRXxEhoQLk56yHaOY4JCBEKDuJIET5g==}
    engines: {node: '>=20.0.0'}

  source-map-js@1.2.1:
    resolution: {integrity: sha512-UXWMKhLOwVKb728IUtQPXxfYU+usdybtUrK/8uGE8CQMvrhOpwvzDBwj0QhSL7MQc7vIsISBG8VQ8+IDQxpfQA==}
    engines: {node: '>=0.10.0'}

  source-map-support@0.5.21:
    resolution: {integrity: sha512-uBHU3L3czsIyYXKX88fdrGovxdSCoTGDRZ6SYXtSRxLZUzHg5P/66Ht6uoUlHu9EZod+inXhKo3qQgwXUT/y1w==}

  source-map@0.6.1:
    resolution: {integrity: sha512-UjgapumWlbMhkBgzT7Ykc5YXUT46F0iKu8SGXq0bcwP5dz/h0Plj6enJqjz1Zbq2l5WaqYnrVbwWOWMyF3F47g==}
    engines: {node: '>=0.10.0'}

  supports-preserve-symlinks-flag@1.0.0:
    resolution: {integrity: sha512-ot0WnXS9fgdkgIcePe6RHNk1WA8+muPa6cSjeR3V8K27q9BB1rTE3R1p7Hv0z1ZyAc8s6Vvv8DIyWf681MAt0w==}
    engines: {node: '>= 0.4'}

  terser@5.46.0:
    resolution: {integrity: sha512-jTwoImyr/QbOWFFso3YoU3ik0jBBDJ6JTOQiy/J2YxVJdZCc+5u7skhNwiOR3FQIygFqVUPHl7qbbxtjW2K3Qg==}
    engines: {node: '>=10'}
    hasBin: true

  tslib@2.8.1:
    resolution: {integrity: sha512-oJFu94HQb+KVduSUQL7wnpmqnfmLsOA/nAh6b6EH0wCEoK0/mPeXU6c3wKDV83MkOuHPRHtSXKKU99IBazS/2w==}

  typescript@5.9.3:
    resolution: {integrity: sha512-jl1vZzPDinLr9eUt3J/t7V6FgNEw9QjvBPdysz9KfQDD41fQrC2Y4vKQdiaUpFT4bXlb1RHhLpp8wtm6M5TgSw==}
    engines: {node: '>=14.17'}
    hasBin: true

  vue@3.5.29:
    resolution: {integrity: sha512-BZqN4Ze6mDQVNAni0IHeMJ5mwr8VAJ3MQC9FmprRhcBYENw+wOAAjRj8jfmN6FLl0j96OXbR+CjWhmAmM+QGnA==}
    peerDependencies:
      typescript: '*'
    peerDependenciesMeta:
      typescript:
        optional: true

snapshots:

  '@babel/helper-string-parser@7.27.1': {}

  '@babel/helper-validator-identifier@7.28.5': {}

  '@babel/parser@7.29.0':
    dependencies:
      '@babel/types': 7.29.0

  '@babel/types@7.29.0':
    dependencies:
      '@babel/helper-string-parser': 7.27.1
      '@babel/helper-validator-identifier': 7.28.5

  '@jridgewell/gen-mapping@0.3.13':
    dependencies:
      '@jridgewell/sourcemap-codec': 1.5.5
      '@jridgewell/trace-mapping': 0.3.31

  '@jridgewell/resolve-uri@3.1.2': {}

  '@jridgewell/source-map@0.3.11':
    dependencies:
      '@jridgewell/gen-mapping': 0.3.13
      '@jridgewell/trace-mapping': 0.3.31

  '@jridgewell/sourcemap-codec@1.5.5': {}

  '@jridgewell/trace-mapping@0.3.31':
    dependencies:
      '@jridgewell/resolve-uri': 3.1.2
      '@jridgewell/sourcemap-codec': 1.5.5

  '@ramstack/pagelock@1.1.0': {}

  '@rollup/plugin-node-resolve@16.0.3(rollup@4.59.0)':
    dependencies:
      '@rollup/pluginutils': 5.3.0(rollup@4.59.0)
      '@types/resolve': 1.20.2
      deepmerge: 4.3.1
      is-module: 1.0.0
      resolve: 1.22.11
    optionalDependencies:
      rollup: 4.59.0

  '@rollup/plugin-terser@0.4.4(rollup@4.59.0)':
    dependencies:
      serialize-javascript: 7.0.4
      smob: 1.6.1
      terser: 5.46.0
    optionalDependencies:
      rollup: 4.59.0

  '@rollup/plugin-typescript@12.3.0(rollup@4.59.0)(tslib@2.8.1)(typescript@5.9.3)':
    dependencies:
      '@rollup/pluginutils': 5.3.0(rollup@4.59.0)
      resolve: 1.22.11
      typescript: 5.9.3
    optionalDependencies:
      rollup: 4.59.0
      tslib: 2.8.1

  '@rollup/pluginutils@5.3.0(rollup@4.59.0)':
    dependencies:
      '@types/estree': 1.0.8
      estree-walker: 2.0.2
      picomatch: 4.0.3
    optionalDependencies:
      rollup: 4.59.0

  '@rollup/rollup-android-arm-eabi@4.59.0':
    optional: true

  '@rollup/rollup-android-arm64@4.59.0':
    optional: true

  '@rollup/rollup-darwin-arm64@4.59.0':
    optional: true

  '@rollup/rollup-darwin-x64@4.59.0':
    optional: true

  '@rollup/rollup-freebsd-arm64@4.59.0':
    optional: true

  '@rollup/rollup-freebsd-x64@4.59.0':
    optional: true

  '@rollup/rollup-linux-arm-gnueabihf@4.59.0':
    optional: true

  '@rollup/rollup-linux-arm-musleabihf@4.59.0':
    optional: true

  '@rollup/rollup-linux-arm64-gnu@4.59.0':
    optional: true

  '@rollup/rollup-linux-arm64-musl@4.59.0':
    optional: true

  '@rollup/rollup-linux-loong64-gnu@4.59.0':
    optional: true

  '@rollup/rollup-linux-loong64-musl@4.59.0':
    optional: true

  '@rollup/rollup-linux-ppc64-gnu@4.59.0':
    optional: true

  '@rollup/rollup-linux-ppc64-musl@4.59.0':
    optional: true

  '@rollup/rollup-linux-riscv64-gnu@4.59.0':
    optional: true

  '@rollup/rollup-linux-riscv64-musl@4.59.0':
    optional: true

  '@rollup/rollup-linux-s390x-gnu@4.59.0':
    optional: true

  '@rollup/rollup-linux-x64-gnu@4.59.0':
    optional: true

  '@rollup/rollup-linux-x64-musl@4.59.0':
    optional: true

  '@rollup/rollup-openbsd-x64@4.59.0':
    optional: true

  '@rollup/rollup-openharmony-arm64@4.59.0':
    optional: true

  '@rollup/rollup-win32-arm64-msvc@4.59.0':
    optional: true

  '@rollup/rollup-win32-ia32-msvc@4.59.0':
    optional: true

  '@rollup/rollup-win32-x64-gnu@4.59.0':
    optional: true

  '@rollup/rollup-win32-x64-msvc@4.59.0':
    optional: true

  '@types/estree@1.0.8': {}

  '@types/resolve@1.20.2': {}

  '@vue/compiler-core@3.5.29':
    dependencies:
      '@babel/parser': 7.29.0
      '@vue/shared': 3.5.29
      entities: 7.0.1
      estree-walker: 2.0.2
      source-map-js: 1.2.1

  '@vue/compiler-dom@3.5.29':
    dependencies:
      '@vue/compiler-core': 3.5.29
      '@vue/shared': 3.5.29

  '@vue/compiler-sfc@3.5.29':
    dependencies:
      '@babel/parser': 7.29.0
      '@vue/compiler-core': 3.5.29
      '@vue/compiler-dom': 3.5.29
      '@vue/compiler-ssr': 3.5.29
      '@vue/shared': 3.5.29
      estree-walker: 2.0.2
      magic-string: 0.30.21
      postcss: 8.5.8
      source-map-js: 1.2.1

  '@vue/compiler-ssr@3.5.29':
    dependencies:
      '@vue/compiler-dom': 3.5.29
      '@vue/shared': 3.5.29

  '@vue/reactivity@3.5.29':
    dependencies:
      '@vue/shared': 3.5.29

  '@vue/runtime-core@3.5.29':
    dependencies:
      '@vue/reactivity': 3.5.29
      '@vue/shared': 3.5.29

  '@vue/runtime-dom@3.5.29':
    dependencies:
      '@vue/reactivity': 3.5.29
      '@vue/runtime-core': 3.5.29
      '@vue/shared': 3.5.29
      csstype: 3.2.3

  '@vue/server-renderer@3.5.29(vue@3.5.29(typescript@5.9.3))':
    dependencies:
      '@vue/compiler-ssr': 3.5.29
      '@vue/shared': 3.5.29
      vue: 3.5.29(typescript@5.9.3)

  '@vue/shared@3.5.29': {}

  acorn@8.16.0: {}

  balanced-match@4.0.4: {}

  brace-expansion@5.0.4:
    dependencies:
      balanced-match: 4.0.4

  buffer-from@1.1.2: {}

  commander@2.20.3: {}

  csstype@3.2.3: {}

  deepmerge@4.3.1: {}

  entities@7.0.1: {}

  estree-walker@2.0.2: {}

  fsevents@2.3.3:
    optional: true

  function-bind@1.1.2: {}

  glob@13.0.6:
    dependencies:
      minimatch: 10.2.4
      minipass: 7.1.3
      path-scurry: 2.0.2

  hasown@2.0.2:
    dependencies:
      function-bind: 1.1.2

  is-core-module@2.16.1:
    dependencies:
      hasown: 2.0.2

  is-module@1.0.0: {}

  lru-cache@11.2.6: {}

  magic-string@0.30.21:
    dependencies:
      '@jridgewell/sourcemap-codec': 1.5.5

  minimatch@10.2.4:
    dependencies:
      brace-expansion: 5.0.4

  minipass@7.1.3: {}

  nanoid@3.3.11: {}

  package-json-from-dist@1.0.1: {}

  path-parse@1.0.7: {}

  path-scurry@2.0.2:
    dependencies:
      lru-cache: 11.2.6
      minipass: 7.1.3

  picocolors@1.1.1: {}

  picomatch@4.0.3: {}

  postcss@8.5.8:
    dependencies:
      nanoid: 3.3.11
      picocolors: 1.1.1
      source-map-js: 1.2.1

  resolve@1.22.11:
    dependencies:
      is-core-module: 2.16.1
      path-parse: 1.0.7
      supports-preserve-symlinks-flag: 1.0.0

  rimraf@6.1.3:
    dependencies:
      glob: 13.0.6
      package-json-from-dist: 1.0.1

  rollup@4.59.0:
    dependencies:
      '@types/estree': 1.0.8
    optionalDependencies:
      '@rollup/rollup-android-arm-eabi': 4.59.0
      '@rollup/rollup-android-arm64': 4.59.0
      '@rollup/rollup-darwin-arm64': 4.59.0
      '@rollup/rollup-darwin-x64': 4.59.0
      '@rollup/rollup-freebsd-arm64': 4.59.0
      '@rollup/rollup-freebsd-x64': 4.59.0
      '@rollup/rollup-linux-arm-gnueabihf': 4.59.0
      '@rollup/rollup-linux-arm-musleabihf': 4.59.0
      '@rollup/rollup-linux-arm64-gnu': 4.59.0
      '@rollup/rollup-linux-arm64-musl': 4.59.0
      '@rollup/rollup-linux-loong64-gnu': 4.59.0
      '@rollup/rollup-linux-loong64-musl': 4.59.0
      '@rollup/rollup-linux-ppc64-gnu': 4.59.0
      '@rollup/rollup-linux-ppc64-musl': 4.59.0
      '@rollup/rollup-linux-riscv64-gnu': 4.59.0
      '@rollup/rollup-linux-riscv64-musl': 4.59.0
      '@rollup/rollup-linux-s390x-gnu': 4.59.0
      '@rollup/rollup-linux-x64-gnu': 4.59.0
      '@rollup/rollup-linux-x64-musl': 4.59.0
      '@rollup/rollup-openbsd-x64': 4.59.0
      '@rollup/rollup-openharmony-arm64': 4.59.0
      '@rollup/rollup-win32-arm64-msvc': 4.59.0
      '@rollup/rollup-win32-ia32-msvc': 4.59.0
      '@rollup/rollup-win32-x64-gnu': 4.59.0
      '@rollup/rollup-win32-x64-msvc': 4.59.0
      fsevents: 2.3.3

  serialize-javascript@7.0.4: {}

  smob@1.6.1: {}

  source-map-js@1.2.1: {}

  source-map-support@0.5.21:
    dependencies:
      buffer-from: 1.1.2
      source-map: 0.6.1

  source-map@0.6.1: {}

  supports-preserve-symlinks-flag@1.0.0: {}

  terser@5.46.0:
    dependencies:
      '@jridgewell/source-map': 0.3.11
      acorn: 8.16.0
      commander: 2.20.3
      source-map-support: 0.5.21

  tslib@2.8.1: {}

  typescript@5.9.3: {}

  vue@3.5.29(typescript@5.9.3):
    dependencies:
      '@vue/compiler-dom': 3.5.29
      '@vue/compiler-sfc': 3.5.29
      '@vue/runtime-dom': 3.5.29
      '@vue/server-renderer': 3.5.29(vue@3.5.29(typescript@5.9.3))
      '@vue/shared': 3.5.29
    optionalDependencies:
      typescript: 5.9.3
